<?xml version="1.0" encoding="utf-8"?>
<Project ToolsVersion="4.0" xmlns="http://schemas.microsoft.com/developer/msbuild/2003">
  <ItemGroup>
    <ClCompile Include="./src/DeCryptor.cpp" />
    <ClCompile Include="./src/Cryptor/BlowFish.cpp">
      <Filter>Cryptor</Filter>
    </ClCompile>
    <ClCompile Include="./src/Cryptor/Cryptor.cpp">
      <Filter>Cryptor</Filter>
    </ClCompile>
    <ClCompile Include="./src/Lib/FileMan.cpp">
      <Filter>Lib</Filter>
    </ClCompile>
    <ClCompile Include="./src/Lib/ManchineID.cpp">
      <Filter>Lib</Filter>
    </ClCompile>
    <ClCompile Include="./src/Lib/TextUtils.cpp">
      <Filter>Lib</Filter>
    </ClCompile>
  </ItemGroup>
  <ItemGroup>
    <ClInclude Include="./src/Cryptor/Blowfish.h">
      <Filter>Cryptor</Filter>
    </ClInclude>
    <ClInclude Include="./src/Cryptor/CryptExt.h">
      <Filter>Cryptor</Filter>
    </ClInclude>
    <ClInclude Include="./src/Cryptor/Cryptor.h">
      <Filter>Cryptor</Filter>
    </ClInclude>
    <ClInclude Include="./src/Lib/FileMan.h">
      <Filter>Lib</Filter>
    </ClInclude>
    <ClInclude Include="./src/Lib/ManchineID.h">
      <Filter>Lib</Filter>
    </ClInclude>
    <ClInclude Include="./src/Lib/prog_defines.h">
      <Filter>Lib</Filter>
    </ClInclude>
    <ClInclude Include="./src/Lib/queue.h">
      <Filter>Lib</Filter>
    </ClInclude>
    <ClInclude Include="./src/Lib/TextUtils.h">
      <Filter>Lib</Filter>
    </ClInclude>
  </ItemGroup>
  <ItemGroup>
    <Filter Include="Cryptor">
      <UniqueIdentifier>{6d5dda6b-d5ab-4e3f-81b5-4556a2e2d50b}</UniqueIdentifier>
    </Filter>
    <Filter Include="Lib">
      <UniqueIdentifier>{1325bdad-0ed3-462d-b25a-48995e837c1a}</UniqueIdentifier>
    </Filter>
  </ItemGroup>
</Project>